<?xml version="1.0" encoding="utf-8"?>
<Project ToolsVersion="4.0" xmlns="http://schemas.microsoft.com/developer/msbuild/2003">
  <ItemGroup>
    <Filter Include="Исходные файлы">
      <UniqueIdentifier>{4FC737F1-C7A5-4376-A066-2A32D752A2FF}</UniqueIdentifier>
      <Extensions>cpp;c;cc;cxx;c++;cppm;ixx;def;odl;idl;hpj;bat;asm;asmx</Extensions>
    </Filter>
    <Filter Include="Файлы заголовков">
      <UniqueIdentifier>{93995380-89BD-4b04-88EB-625FBE52EBFB}</UniqueIdentifier>
      <Extensions>h;hh;hpp;hxx;h++;hm;inl;inc;ipp;xsd</Extensions>
    </Filter>
    <Filter Include="Файлы ресурсов">
      <UniqueIdentifier>{67DA6AB6-F800-4c08-8B7A-83BB121AAD01}</UniqueIdentifier>
      <Extensions>rc;ico;cur;bmp;dlg;rc2;rct;bin;rgs;gif;jpg;jpeg;jpe;resx;tiff;tif;png;wav;mfcribbon-ms</Extensions>
    </Filter>
    <Filter Include="Файлы заголовков\MoveBehaviors">
      <UniqueIdentifier>{e592daea-6308-46f0-b976-027444e0329a}</UniqueIdentifier>
    </Filter>
    <Filter Include="Исходные файлы\MoveBehavior">
      <UniqueIdentifier>{e199f5a2-8ef6-4931-a1d4-b76e0d7a1cc7}</UniqueIdentifier>
    </Filter>
    <Filter Include="Файлы заголовков\Sprites">
      <UniqueIdentifier>{861d0d4f-3da7-49af-837c-e5169bb61649}</UniqueIdentifier>
    </Filter>
    <Filter Include="Исходные файлы\Sprites">
      <UniqueIdentifier>{70623557-d426-48da-9fdc-86ae09bb2512}</UniqueIdentifier>
    </Filter>
  </ItemGroup>
  <ItemGroup>
    <ClCompile Include="OSISP_1.cpp">
      <Filter>Исходные файлы</Filter>
    </ClCompile>
    <ClCompile Include="Painter.cpp">
      <Filter>Исходные файлы</Filter>
    </ClCompile>
    <ClCompile Include="Timer.cpp">
      <Filter>Исходные файлы</Filter>
    </ClCompile>
    <ClCompile Include="MoveBehavior\MouseMoveBehaviour.cpp">
      <Filter>Исходные файлы\MoveBehavior</Filter>
    </ClCompile>
    <ClCompile Include="Moveable.cpp">
      <Filter>Исходные файлы\MoveBehavior</Filter>
    </ClCompile>
    <ClCompile Include="MoveBehavior\AutoMoveBehaviour.cpp">
      <Filter>Исходные файлы\MoveBehavior</Filter>
    </ClCompile>
    <ClCompile Include="MoveBehavior\StaticMoveBehavior.cpp">
      <Filter>Исходные файлы\MoveBehavior</Filter>
    </ClCompile>
    <ClCompile Include="Sprite.cpp">
      <Filter>Исходные файлы\Sprites</Filter>
    </ClCompile>
    <ClCompile Include="Sprites\RectangleSprite.cpp">
      <Filter>Исходные файлы\Sprites</Filter>
    </ClCompile>
    <ClCompile Include="Sprites\Image.cpp">
      <Filter>Исходные файлы\Sprites</Filter>
    </ClCompile>
  </ItemGroup>
  <ItemGroup>
    <ClInclude Include="Config.h">
      <Filter>Файлы заголовков</Filter>
    </ClInclude>
    <ClInclude Include="Painter.h">
      <Filter>Файлы заголовков</Filter>
    </ClInclude>
    <ClInclude Include="Timer.h">
      <Filter>Файлы заголовков</Filter>
    </ClInclude>
    <ClInclude Include="Moveable.h">
      <Filter>Файлы заголовков\MoveBehaviors</Filter>
    </ClInclude>
    <ClInclude Include="MoveBehavior\MouseMoveBehaviour.h">
      <Filter>Файлы заголовков\MoveBehaviors</Filter>
    </ClInclude>
    <ClInclude Include="MoveBehavior\AutoMoveBehaviour.h">
      <Filter>Файлы заголовков\MoveBehaviors</Filter>
    </ClInclude>
    <ClInclude Include="MoveBehavior\StaticMoveBehaviour.h">
      <Filter>Файлы заголовков\MoveBehaviors</Filter>
    </ClInclude>
    <ClInclude Include="Sprite.h">
      <Filter>Файлы заголовков\Sprites</Filter>
    </ClInclude>
    <ClInclude Include="Sprites\RectangleSprite.h">
      <Filter>Файлы заголовков\Sprites</Filter>
    </ClInclude>
    <ClInclude Include="Sprites\ImageSprite.h">
      <Filter>Файлы заголовков\Sprites</Filter>
    </ClInclude>
  </ItemGroup>
</Project>